{
  "name": "basic-router",
  "version": "1.0.0",
  "lockfileVersion": 1,
  "requires": true,
  "dependencies": {
    "@farishan/script-loader": {
      "version": "0.1.1",
      "resolved": "https://registry.npmjs.org/@farishan/script-loader/-/script-loader-0.1.1.tgz",
      "integrity": "sha512-7OGQLSgGkE/YHoMcEWingbO3gcpTVw0tJ98v7TTlwEp7RuJgjcG9iKNyiuWfVsnAIVHsRlin2YbNRT2+nV2n0w=="
    }
  }
}
