{
  "name": "basic-router",
  "version": "1.0.0",
  "lockfileVersion": 1,
  "requires": true,
  "dependencies": {
    "@farishan/script-loader": {
      "version": "0.2.0",
      "resolved": "https://registry.npmjs.org/@farishan/script-loader/-/script-loader-0.2.0.tgz",
      "integrity": "sha512-4tdJFuJ4md3fUwDM+PTmeCRM98lMRiyRt6/GM2pL1RXaURZcwCLZghyFdjVmjClKJOfSPM48UALkdxGdk07+Vw=="
    }
  }
}
